
Microsoft Visual Studio Solution File, Format Version 12.00
# Visual Studio Version 16
VisualStudioVersion = 16.0.30002.166
MinimumVisualStudioVersion = 10.0.40219.1
Project("{8BC9CEB8-8B4A-11D0-8D11-00A0C91BC942}") = "lab3", "lab3\lab3.vcxproj", "{13AE2ACC-A711-4516-A4F8-16DFA77D72E3}"
EndProject
Project("{8BC9CEB8-8B4A-11D0-8D11-00A0C91BC942}") = "Lab3Tests", "Lab3Tests\Lab3Tests.vcxproj", "{5BCE4860-599A-4020-B523-22642C5CB1DD}"
EndProject
Global
	GlobalSection(SolutionConfigurationPlatforms) = preSolution
		Debug|x64 = Debug|x64
		Debug|x86 = Debug|x86
		Release|x64 = Release|x64
		Release|x86 = Release|x86
	EndGlobalSection
	GlobalSection(ProjectConfigurationPlatforms) = postSolution
		{13AE2ACC-A711-4516-A4F8-16DFA77D72E3}.Debug|x64.ActiveCfg = Debug|x64
		{13AE2ACC-A711-4516-A4F8-16DFA77D72E3}.Debug|x64.Build.0 = Debug|x64
		{13AE2ACC-A711-4516-A4F8-16DFA77D72E3}.Debug|x86.ActiveCfg = Debug|Win32
		{13AE2ACC-A711-4516-A4F8-16DFA77D72E3}.Debug|x86.Build.0 = Debug|Win32
		{13AE2ACC-A711-4516-A4F8-16DFA77D72E3}.Release|x64.ActiveCfg = Release|x64
		{13AE2ACC-A711-4516-A4F8-16DFA77D72E3}.Release|x64.Build.0 = Release|x64
		{13AE2ACC-A711-4516-A4F8-16DFA77D72E3}.Release|x86.ActiveCfg = Release|Win32
		{13AE2ACC-A711-4516-A4F8-16DFA77D72E3}.Release|x86.Build.0 = Release|Win32
		{5BCE4860-599A-4020-B523-22642C5CB1DD}.Debug|x64.ActiveCfg = Debug|x64
		{5BCE4860-599A-4020-B523-22642C5CB1DD}.Debug|x64.Build.0 = Debug|x64
		{5BCE4860-599A-4020-B523-22642C5CB1DD}.Debug|x86.ActiveCfg = Debug|Win32
		{5BCE4860-599A-4020-B523-22642C5CB1DD}.Debug|x86.Build.0 = Debug|Win32
		{5BCE4860-599A-4020-B523-22642C5CB1DD}.Release|x64.ActiveCfg = Release|x64
		{5BCE4860-599A-4020-B523-22642C5CB1DD}.Release|x64.Build.0 = Release|x64
		{5BCE4860-599A-4020-B523-22642C5CB1DD}.Release|x86.ActiveCfg = Release|Win32
		{5BCE4860-599A-4020-B523-22642C5CB1DD}.Release|x86.Build.0 = Release|Win32
	EndGlobalSection
	GlobalSection(SolutionProperties) = preSolution
		HideSolutionNode = FALSE
	EndGlobalSection
	GlobalSection(ExtensibilityGlobals) = postSolution
		SolutionGuid = {2034BD2B-3E7F-468D-BAD5-6932411F758D}
	EndGlobalSection
EndGlobal
